<?xml version="1.0" encoding="utf-8"?>
<Project ToolsVersion="4.0" xmlns="http://schemas.microsoft.com/developer/msbuild/2003">
  <ItemGroup>
    <Filter Include="KamataEngine">
      <UniqueIdentifier>{4FC737F1-C7A5-4376-A066-2A32D752A2FF}</UniqueIdentifier>
      <Extensions>cpp;c;cc;cxx;c++;cppm;ixx;def;odl;idl;hpj;bat;asm;asmx</Extensions>
    </Filter>
    <Filter Include="KamataEngine\Source">
      <UniqueIdentifier>{d966e9f8-e880-44ae-8586-a08515e4cffc}</UniqueIdentifier>
    </Filter>
    <Filter Include="KamataEngine\Include">
      <UniqueIdentifier>{4aae4e40-94f7-4d32-9a91-c0c37a2edf0d}</UniqueIdentifier>
    </Filter>
    <Filter Include="KamataEngine\Adapter">
      <UniqueIdentifier>{c6468eb4-788b-4a83-b207-a5f4804e56c5}</UniqueIdentifier>
    </Filter>
    <Filter Include="Class">
      <UniqueIdentifier>{5c6cb692-410f-4ec0-adb6-ac9a1f501478}</UniqueIdentifier>
    </Filter>
    <Filter Include="Class\TCP/IP">
      <UniqueIdentifier>{3cb827da-fbed-400f-8ce5-ef9e9408c3b6}</UniqueIdentifier>
    </Filter>
    <Filter Include="Class\CSV">
      <UniqueIdentifier>{1cf15f67-1b25-46e5-aa3e-7d448be2f9e5}</UniqueIdentifier>
    </Filter>
    <Filter Include="Class\PhilliaFunction">
      <UniqueIdentifier>{540caaae-501e-447b-b22b-6f1af8cbf1b2}</UniqueIdentifier>
    </Filter>
    <Filter Include="Class\ConvertString">
      <UniqueIdentifier>{be3de3f0-e5aa-4f11-9d3f-6a5828f2a9c6}</UniqueIdentifier>
    </Filter>
    <Filter Include="Class\FPathSelector">
      <UniqueIdentifier>{74b8e19e-52ed-4e42-9fc8-4a6455600cf5}</UniqueIdentifier>
    </Filter>
    <Filter Include="Class\FileTransfer">
      <UniqueIdentifier>{c54f2240-fd1d-47c2-815c-55ab58578d06}</UniqueIdentifier>
    </Filter>
  </ItemGroup>
  <ItemGroup>
    <ClCompile Include="C:\KamataEngine\DirectXGame\base\DirectXCommon.cpp">
      <Filter>KamataEngine\Source</Filter>
    </ClCompile>
    <ClCompile Include="C:\KamataEngine\DirectXGame\base\TextureManager.cpp">
      <Filter>KamataEngine\Source</Filter>
    </ClCompile>
    <ClCompile Include="C:\KamataEngine\DirectXGame\scene\GameScene.cpp">
      <Filter>KamataEngine\Source</Filter>
    </ClCompile>
    <ClCompile Include="C:\KamataEngine\DirectXGame\base\WinApp.cpp">
      <Filter>KamataEngine\Source</Filter>
    </ClCompile>
    <ClCompile Include="main.cpp" />
    <ClCompile Include="C:\KamataEngine\Adapter\Novice.cpp">
      <Filter>KamataEngine\Adapter</Filter>
    </ClCompile>
    <ClCompile Include="C:\KamataEngine\DirectXGame\2d\ImGuiManager.cpp">
      <Filter>KamataEngine</Filter>
    </ClCompile>
    <ClCompile Include="C:\KamataEngine\DirectXGame\base\StringUtility.cpp">
      <Filter>KamataEngine\Source</Filter>
    </ClCompile>
    <ClCompile Include="CSV\CSV.cpp">
      <Filter>Class\CSV</Filter>
    </ClCompile>
    <ClCompile Include="TCPIP\TCPIP.cpp">
      <Filter>Class\TCP/IP</Filter>
    </ClCompile>
    <ClCompile Include="PhilliaFunction\Phill.cpp">
      <Filter>Class\PhilliaFunction</Filter>
    </ClCompile>
    <ClCompile Include="PhilliaFunction\PhillEasing.cpp">
      <Filter>Class\PhilliaFunction</Filter>
    </ClCompile>
    <ClCompile Include="PhilliaFunction\Phill-various.cpp">
      <Filter>Class\PhilliaFunction</Filter>
    </ClCompile>
    <ClCompile Include="FilePathSelector\fpathselctr.cpp">
      <Filter>Class\FPathSelector</Filter>
    </ClCompile>
    <ClCompile Include="FileTransfer\fileTransfer.cpp">
      <Filter>Class\FileTransfer</Filter>
    </ClCompile>
    <ClCompile Include="ConvertString\ConvertString.cpp">
      <Filter>Class\ConvertString</Filter>
    </ClCompile>
  </ItemGroup>
  <ItemGroup>
    <ClInclude Include="C:\KamataEngine\DirectXGame\audio\Audio.h">
      <Filter>KamataEngine\Include</Filter>
    </ClInclude>
    <ClInclude Include="C:\KamataEngine\DirectXGame\2d\DebugText.h">
      <Filter>KamataEngine\Include</Filter>
    </ClInclude>
    <ClInclude Include="C:\KamataEngine\DirectXGame\base\DirectXCommon.h">
      <Filter>KamataEngine\Include</Filter>
    </ClInclude>
    <ClInclude Include="C:\KamataEngine\DirectXGame\scene\GameScene.h">
      <Filter>KamataEngine\Include</Filter>
    </ClInclude>
    <ClInclude Include="C:\KamataEngine\DirectXGame\input\Input.h">
      <Filter>KamataEngine\Include</Filter>
    </ClInclude>
    <ClInclude Include="C:\KamataEngine\DirectXGame\3d\Model.h">
      <Filter>KamataEngine\Include</Filter>
    </ClInclude>
    <ClInclude Include="C:\KamataEngine\DirectXGame\base\SafeDelete.h">
      <Filter>KamataEngine\Include</Filter>
    </ClInclude>
    <ClInclude Include="C:\KamataEngine\DirectXGame\2d\Sprite.h">
      <Filter>KamataEngine\Include</Filter>
    </ClInclude>
    <ClInclude Include="C:\KamataEngine\DirectXGame\base\TextureManager.h">
      <Filter>KamataEngine\Include</Filter>
    </ClInclude>
    <ClInclude Include="C:\KamataEngine\DirectXGame\3d\ViewProjection.h">
      <Filter>KamataEngine\Include</Filter>
    </ClInclude>
    <ClInclude Include="C:\KamataEngine\DirectXGame\base\WinApp.h">
      <Filter>KamataEngine\Include</Filter>
    </ClInclude>
    <ClInclude Include="C:\KamataEngine\DirectXGame\3d\WorldTransform.h">
      <Filter>KamataEngine\Include</Filter>
    </ClInclude>
    <ClInclude Include="C:\KamataEngine\Adapter\Novice.h">
      <Filter>KamataEngine\Adapter</Filter>
    </ClInclude>
    <ClInclude Include="C:\KamataEngine\DirectXGame\3d\CircleShadow.h">
      <Filter>KamataEngine\Include</Filter>
    </ClInclude>
    <ClInclude Include="C:\KamataEngine\DirectXGame\3d\DebugCamera.h">
      <Filter>KamataEngine\Include</Filter>
    </ClInclude>
    <ClInclude Include="C:\KamataEngine\DirectXGame\3d\DirectionalLight.h">
      <Filter>KamataEngine\Include</Filter>
    </ClInclude>
    <ClInclude Include="C:\KamataEngine\DirectXGame\3d\LightGroup.h">
      <Filter>KamataEngine\Include</Filter>
    </ClInclude>
    <ClInclude Include="C:\KamataEngine\DirectXGame\3d\Material.h">
      <Filter>KamataEngine\Include</Filter>
    </ClInclude>
    <ClInclude Include="C:\KamataEngine\DirectXGame\3d\Mesh.h">
      <Filter>KamataEngine\Include</Filter>
    </ClInclude>
    <ClInclude Include="C:\KamataEngine\DirectXGame\3d\PointLight.h">
      <Filter>KamataEngine\Include</Filter>
    </ClInclude>
    <ClInclude Include="C:\KamataEngine\DirectXGame\3d\SpotLight.h">
      <Filter>KamataEngine\Include</Filter>
    </ClInclude>
    <ClInclude Include="C:\KamataEngine\DirectXGame\math\Matrix4x4.h" />
    <ClInclude Include="C:\KamataEngine\DirectXGame\math\Vector2.h" />
    <ClInclude Include="C:\KamataEngine\DirectXGame\math\Vector3.h" />
    <ClInclude Include="C:\KamataEngine\DirectXGame\math\Vector4.h" />
    <ClInclude Include="C:\KamataEngine\DirectXGame\2d\ImGuiManager.h" />
    <ClInclude Include="C:\KamataEngine\DirectXGame\base\StringUtility.h">
      <Filter>KamataEngine\Include</Filter>
    </ClInclude>
    <ClInclude Include="CSV\CSV.h">
      <Filter>Class\CSV</Filter>
    </ClInclude>
    <ClInclude Include="TCPIP\TCPIP.h">
      <Filter>Class\TCP/IP</Filter>
    </ClInclude>
    <ClInclude Include="PhilliaFunction\Phill.h">
      <Filter>Class\PhilliaFunction</Filter>
    </ClInclude>
    <ClInclude Include="structs.h" />
    <ClInclude Include="FilePathSelector\fpathselctr.h">
      <Filter>Class\FPathSelector</Filter>
    </ClInclude>
    <ClInclude Include="FileTransfer\fileTransfer.h">
      <Filter>Class\FileTransfer</Filter>
    </ClInclude>
    <ClInclude Include="ConvertString\ConvertString.h">
      <Filter>Class\ConvertString</Filter>
    </ClInclude>
  </ItemGroup>
</Project>